// !$*UTF8*$!
{
	archiveVersion = 1;
	classes = {
	};
	objectVersion = 46;
	objects = {

/* Begin PBXBuildFile section */
		2AE4E1E3F1EB273C3C293DB4 /* Pods_TestEmotion.framework in Frameworks */ = {isa = PBXBuildFile; fileRef = B5319647006F620AA2717E23 /* Pods_TestEmotion.framework */; };
		9C4F4D131D8DE0A500D74259 /* AppDelegate.swift in Sources */ = {isa = PBXBuildFile; fileRef = 9C4F4D121D8DE0A500D74259 /* AppDelegate.swift */; };
		9C4F4D151D8DE0A500D74259 /* ViewController.swift in Sources */ = {isa = PBXBuildFile; fileRef = 9C4F4D141D8DE0A500D74259 /* ViewController.swift */; };
		9C4F4D181D8DE0A500D74259 /* Main.storyboard in Resources */ = {isa = PBXBuildFile; fileRef = 9C4F4D161D8DE0A500D74259 /* Main.storyboard */; };
		9C4F4D1A1D8DE0A500D74259 /* Assets.xcassets in Resources */ = {isa = PBXBuildFile; fileRef = 9C4F4D191D8DE0A500D74259 /* Assets.xcassets */; };
		9C4F4D1D1D8DE0A500D74259 /* LaunchScreen.storyboard in Resources */ = {isa = PBXBuildFile; fileRef = 9C4F4D1B1D8DE0A500D74259 /* LaunchScreen.storyboard */; };
/* End PBXBuildFile section */

/* Begin PBXFileReference section */
		3198162C887459A4F426D8BC /* Pods-TestEmotion.release.xcconfig */ = {isa = PBXFileReference; includeInIndex = 1; lastKnownFileType = text.xcconfig; name = "Pods-TestEmotion.release.xcconfig"; path = "Pods/Target Support Files/Pods-TestEmotion/Pods-TestEmotion.release.xcconfig"; sourceTree = "<group>"; };
		9C4F4D0F1D8DE0A400D74259 /* TestEmotion.app */ = {isa = PBXFileReference; explicitFileType = wrapper.application; includeInIndex = 0; path = TestEmotion.app; sourceTree = BUILT_PRODUCTS_DIR; };
		9C4F4D121D8DE0A500D74259 /* AppDelegate.swift */ = {isa = PBXFileReference; lastKnownFileType = sourcecode.swift; path = AppDelegate.swift; sourceTree = "<group>"; };
		9C4F4D141D8DE0A500D74259 /* ViewController.swift */ = {isa = PBXFileReference; lastKnownFileType = sourcecode.swift; path = ViewController.swift; sourceTree = "<group>"; };
		9C4F4D171D8DE0A500D74259 /* Base */ = {isa = PBXFileReference; lastKnownFileType = file.storyboard; name = Base; path = Base.lproj/Main.storyboard; sourceTree = "<group>"; };
		9C4F4D191D8DE0A500D74259 /* Assets.xcassets */ = {isa = PBXFileReference; lastKnownFileType = folder.assetcatalog; path = Assets.xcassets; sourceTree = "<group>"; };
		9C4F4D1C1D8DE0A500D74259 /* Base */ = {isa = PBXFileReference; lastKnownFileType = file.storyboard; name = Base; path = Base.lproj/LaunchScreen.storyboard; sourceTree = "<group>"; };
		9C4F4D1E1D8DE0A500D74259 /* Info.plist */ = {isa = PBXFileReference; lastKnownFileType = text.plist.xml; path = Info.plist; sourceTree = "<group>"; };
		A99E7FBC5A7E502481E730A0 /* Pods-TestEmotion.debug.xcconfig */ = {isa = PBXFileReference; includeInIndex = 1; lastKnownFileType = text.xcconfig; name = "Pods-TestEmotion.debug.xcconfig"; path = "Pods/Target Support Files/Pods-TestEmotion/Pods-TestEmotion.debug.xcconfig"; sourceTree = "<group>"; };
		B5319647006F620AA2717E23 /* Pods_TestEmotion.framework */ = {isa = PBXFileReference; explicitFileType = wrapper.framework; includeInIndex = 0; path = Pods_TestEmotion.framework; sourceTree = BUILT_PRODUCTS_DIR; };
/* End PBXFileReference section */

/* Begin PBXFrameworksBuildPhase section */
		9C4F4D0C1D8DE0A400D74259 /* Frameworks */ = {
			isa = PBXFrameworksBuildPhase;
			buildActionMask = 2147483647;
			files = (
				2AE4E1E3F1EB273C3C293DB4 /* Pods_TestEmotion.framework in Frameworks */,
			);
			runOnlyForDeploymentPostprocessing = 0;
		};
/* End PBXFrameworksBuildPhase section */

/* Begin PBXGroup section */
		61FE920FCFEF3FD07082865F /* Frameworks */ = {
			isa = PBXGroup;
			children = (
				B5319647006F620AA2717E23 /* Pods_TestEmotion.framework */,
			);
			name = Frameworks;
			sourceTree = "<group>";
		};
		9C4F4D061D8DE0A400D74259 = {
			isa = PBXGroup;
			children = (
				9C4F4D111D8DE0A500D74259 /* TestEmotion */,
				9C4F4D101D8DE0A400D74259 /* Products */,
				C5214ED423423547A90CED82 /* Pods */,
				61FE920FCFEF3FD07082865F /* Frameworks */,
			);
			sourceTree = "<group>";
		};
		9C4F4D101D8DE0A400D74259 /* Products */ = {
			isa = PBXGroup;
			children = (
				9C4F4D0F1D8DE0A400D74259 /* TestEmotion.app */,
			);
			name = Products;
			sourceTree = "<group>";
		};
		9C4F4D111D8DE0A500D74259 /* TestEmotion */ = {
			isa = PBXGroup;
			children = (
				9C4F4D121D8DE0A500D74259 /* AppDelegate.swift */,
				9C4F4D141D8DE0A500D74259 /* ViewController.swift */,
				9C4F4D161D8DE0A500D74259 /* Main.storyboard */,
				9C4F4D191D8DE0A500D74259 /* Assets.xcassets */,
				9C4F4D1B1D8DE0A500D74259 /* LaunchScreen.storyboard */,
				9C4F4D1E1D8DE0A500D74259 /* Info.plist */,
			);
			path = TestEmotion;
			sourceTree = "<group>";
		};
		C5214ED423423547A90CED82 /* Pods */ = {
			isa = PBXGroup;
			children = (
				A99E7FBC5A7E502481E730A0 /* Pods-TestEmotion.debug.xcconfig */,
				3198162C887459A4F426D8BC /* Pods-TestEmotion.release.xcconfig */,
			);
			name = Pods;
			sourceTree = "<group>";
		};
/* End PBXGroup section */

/* Begin PBXNativeTarget section */
		9C4F4D0E1D8DE0A400D74259 /* TestEmotion */ = {
			isa = PBXNativeTarget;
			buildConfigurationList = 9C4F4D211D8DE0A500D74259 /* Build configuration list for PBXNativeTarget "TestEmotion" */;
			buildPhases = (
				04A264C2D750F0C9CE63A6CC /* [CP] Check Pods Manifest.lock */,
				9C4F4D0B1D8DE0A400D74259 /* Sources */,
				9C4F4D0C1D8DE0A400D74259 /* Frameworks */,
				9C4F4D0D1D8DE0A400D74259 /* Resources */,
				ACB5398705F8062D54D02C8D /* [CP] Embed Pods Frameworks */,
				A165A9D838796B9105ABE918 /* [CP] Copy Pods Resources */,
			);
			buildRules = (
			);
			dependencies = (
			);
			name = TestEmotion;
			productName = TestEmotion;
			productReference = 9C4F4D0F1D8DE0A400D74259 /* TestEmotion.app */;
			productType = "com.apple.product-type.application";
		};
/* End PBXNativeTarget section */

/* Begin PBXProject section */
		9C4F4D071D8DE0A400D74259 /* Project object */ = {
			isa = PBXProject;
			attributes = {
				LastSwiftUpdateCheck = 0730;
				LastUpgradeCheck = 0730;
				ORGANIZATIONNAME = "Meme Moji Masters";
				TargetAttributes = {
					9C4F4D0E1D8DE0A400D74259 = {
						CreatedOnToolsVersion = 7.3.1;
					};
				};
			};
			buildConfigurationList = 9C4F4D0A1D8DE0A400D74259 /* Build configuration list for PBXProject "TestEmotion" */;
			compatibilityVersion = "Xcode 3.2";
			developmentRegion = English;
			hasScannedForEncodings = 0;
			knownRegions = (
				en,
				Base,
			);
			mainGroup = 9C4F4D061D8DE0A400D74259;
			productRefGroup = 9C4F4D101D8DE0A400D74259 /* Products */;
			projectDirPath = "";
			projectRoot = "";
			targets = (
				9C4F4D0E1D8DE0A400D74259 /* TestEmotion */,
			);
		};
/* End PBXProject section */

/* Begin PBXResourcesBuildPhase section */
		9C4F4D0D1D8DE0A400D74259 /* Resources */ = {
			isa = PBXResourcesBuildPhase;
			buildActionMask = 2147483647;
			files = (
				9C4F4D1D1D8DE0A500D74259 /* LaunchScreen.storyboard in Resources */,
				9C4F4D1A1D8DE0A500D74259 /* Assets.xcassets in Resources */,
				9C4F4D181D8DE0A500D74259 /* Main.storyboard in Resources */,
			);
			runOnlyForDeploymentPostprocessing = 0;
		};
/* End PBXResourcesBuildPhase section */

/* Begin PBXShellScriptBuildPhase section */
		04A264C2D750F0C9CE63A6CC /* [CP] Check Pods Manifest.lock */ = {
			isa = PBXShellScriptBuildPhase;
			buildActionMask = 2147483647;
			files = (
			);
			inputPaths = (
			);
			name = "[CP] Check Pods Manifest.lock";
			outputPaths = (
			);
			runOnlyForDeploymentPostprocessing = 0;
			shellPath = /bin/sh;
			shellScript = "diff \"${PODS_ROOT}/../Podfile.lock\" \"${PODS_ROOT}/Manifest.lock\" > /dev/null\nif [[ $? != 0 ]] ; then\n    cat << EOM\nerror: The sandbox is not in sync with the Podfile.lock. Run 'pod install' or update your CocoaPods installation.\nEOM\n    exit 1\nfi\n";
			showEnvVarsInLog = 0;
		};
		A165A9D838796B9105ABE918 /* [CP] Copy Pods Resources */ = {
			isa = PBXShellScriptBuildPhase;
			buildActionMask = 2147483647;
			files = (
			);
			inputPaths = (
			);
			name = "[CP] Copy Pods Resources";
			outputPaths = (
			);
			runOnlyForDeploymentPostprocessing = 0;
			shellPath = /bin/sh;
			shellScript = "\"${SRCROOT}/Pods/Target Support Files/Pods-TestEmotion/Pods-TestEmotion-resources.sh\"\n";
			showEnvVarsInLog = 0;
		};
		ACB5398705F8062D54D02C8D /* [CP] Embed Pods Frameworks */ = {
			isa = PBXShellScriptBuildPhase;
			buildActionMask = 2147483647;
			files = (
			);
			inputPaths = (
			);
			name = "[CP] Embed Pods Frameworks";
			outputPaths = (
			);
			runOnlyForDeploymentPostprocessing = 0;
			shellPath = /bin/sh;
			shellScript = "\"${SRCROOT}/Pods/Target Support Files/Pods-TestEmotion/Pods-TestEmotion-frameworks.sh\"\n";
			showEnvVarsInLog = 0;
		};
/* End PBXShellScriptBuildPhase section */

/* Begin PBXSourcesBuildPhase section */
		9C4F4D0B1D8DE0A400D74259 /* Sources */ = {
			isa = PBXSourcesBuildPhase;
			buildActionMask = 2147483647;
			files = (
				9C4F4D151D8DE0A500D74259 /* ViewController.swift in Sources */,
				9C4F4D131D8DE0A500D74259 /* AppDelegate.swift in Sources */,
			);
			runOnlyForDeploymentPostprocessing = 0;
		};
/* End PBXSourcesBuildPhase section */

/* Begin PBXVariantGroup section */
		9C4F4D161D8DE0A500D74259 /* Main.storyboard */ = {
			isa = PBXVariantGroup;
			children = (
				9C4F4D171D8DE0A500D74259 /* Base */,
			);
			name = Main.storyboard;
			sourceTree = "<group>";
		};
		9C4F4D1B1D8DE0A500D74259 /* LaunchScreen.storyboard */ = {
			isa = PBXVariantGroup;
			children = (
				9C4F4D1C1D8DE0A500D74259 /* Base */,
			);
			name = LaunchScreen.storyboard;
			sourceTree = "<group>";
		};
/* End PBXVariantGroup section */

/* Begin XCBuildConfiguration section */
		9C4F4D1F1D8DE0A500D74259 /* Debug */ = {
			isa = XCBuildConfiguration;
			buildSettings = {
				ALWAYS_SEARCH_USER_PATHS = NO;
				CLANG_ANALYZER_NONNULL = YES;
				CLANG_CXX_LANGUAGE_STANDARD = "gnu++0x";
				CLANG_CXX_LIBRARY = "libc++";
				CLANG_ENABLE_MODULES = YES;
				CLANG_ENABLE_OBJC_ARC = YES;
				CLANG_WARN_BOOL_CONVERSION = YES;
				CLANG_WARN_CONSTANT_CONVERSION = YES;
				CLANG_WARN_DIRECT_OBJC_ISA_USAGE = YES_ERROR;
				CLANG_WARN_EMPTY_BODY = YES;
				CLANG_WARN_ENUM_CONVERSION = YES;
				CLANG_WARN_INT_CONVERSION = YES;
				CLANG_WARN_OBJC_ROOT_CLASS = YES_ERROR;
				CLANG_WARN_UNREACHABLE_CODE = YES;
				CLANG_WARN__DUPLICATE_METHOD_MATCH = YES;
				"CODE_SIGN_IDENTITY[sdk=iphoneos*]" = "iPhone Developer";
				COPY_PHASE_STRIP = NO;
				DEBUG_INFORMATION_FORMAT = dwarf;
				ENABLE_STRICT_OBJC_MSGSEND = YES;
				ENABLE_TESTABILITY = YES;
				GCC_C_LANGUAGE_STANDARD = gnu99;
				GCC_DYNAMIC_NO_PIC = NO;
				GCC_NO_COMMON_BLOCKS = YES;
				GCC_OPTIMIZATION_LEVEL = 0;
				GCC_PREPROCESSOR_DEFINITIONS = (
					"DEBUG=1",
					"$(inherited)",
				);
				GCC_WARN_64_TO_32_BIT_CONVERSION = YES;
				GCC_WARN_ABOUT_RETURN_TYPE = YES_ERROR;
				GCC_WARN_UNDECLARED_SELECTOR = YES;
				GCC_WARN_UNINITIALIZED_AUTOS = YES_AGGRESSIVE;
				GCC_WARN_UNUSED_FUNCTION = YES;
				GCC_WARN_UNUSED_VARIABLE = YES;
				IPHONEOS_DEPLOYMENT_TARGET = 9.3;
				MTL_ENABLE_DEBUG_INFO = YES;
				ONLY_ACTIVE_ARCH = YES;
				SDKROOT = iphoneos;
				SWIFT_OPTIMIZATION_LEVEL = "-Onone";
				TARGETED_DEVICE_FAMILY = "1,2";
			};
			name = Debug;
		};
		9C4F4D201D8DE0A500D74259 /* Release */ = {
			isa = XCBuildConfiguration;
			buildSettings = {
				ALWAYS_SEARCH_USER_PATHS = NO;
				CLANG_ANALYZER_NONNULL = YES;
				CLANG_CXX_LANGUAGE_STANDARD = "gnu++0x";
				CLANG_CXX_LIBRARY = "libc++";
				CLANG_ENABLE_MODULES = YES;
				CLANG_ENABLE_OBJC_ARC = YES;
				CLANG_WARN_BOOL_CONVERSION = YES;
				CLANG_WARN_CONSTANT_CONVERSION = YES;
				CLANG_WARN_DIRECT_OBJC_ISA_USAGE = YES_ERROR;
				CLANG_WARN_EMPTY_BODY = YES;
				CLANG_WARN_ENUM_CONVERSION = YES;
				CLANG_WARN_INT_CONVERSION = YES;
				CLANG_WARN_OBJC_ROOT_CLASS = YES_ERROR;
				CLANG_WARN_UNREACHABLE_CODE = YES;
				CLANG_WARN__DUPLICATE_METHOD_MATCH = YES;
				"CODE_SIGN_IDENTITY[sdk=iphoneos*]" = "iPhone Developer";
				COPY_PHASE_STRIP = NO;
				DEBUG_INFORMATION_FORMAT = "dwarf-with-dsym";
				ENABLE_NS_ASSERTIONS = NO;
				ENABLE_STRICT_OBJC_MSGSEND = YES;
				GCC_C_LANGUAGE_STANDARD = gnu99;
				GCC_NO_COMMON_BLOCKS = YES;
				GCC_WARN_64_TO_32_BIT_CONVERSION = YES;
				GCC_WARN_ABOUT_RETURN_TYPE = YES_ERROR;
				GCC_WARN_UNDECLARED_SELECTOR = YES;
				GCC_WARN_UNINITIALIZED_AUTOS = YES_AGGRESSIVE;
				GCC_WARN_UNUSED_FUNCTION = YES;
				GCC_WARN_UNUSED_VARIABLE = YES;
				IPHONEOS_DEPLOYMENT_TARGET = 9.3;
				MTL_ENABLE_DEBUG_INFO = NO;
				SDKROOT = iphoneos;
				TARGETED_DEVICE_FAMILY = "1,2";
				VALIDATE_PRODUCT = YES;
			};
			name = Release;
		};
		9C4F4D221D8DE0A500D74259 /* Debug */ = {
			isa = XCBuildConfiguration;
			baseConfigurationReference = A99E7FBC5A7E502481E730A0 /* Pods-TestEmotion.debug.xcconfig */;
			buildSettings = {
				ASSETCATALOG_COMPILER_APPICON_NAME = AppIcon;
				INFOPLIST_FILE = TestEmotion/Info.plist;
				LD_RUNPATH_SEARCH_PATHS = "$(inherited) @executable_path/Frameworks";
				PRODUCT_BUNDLE_IDENTIFIER = MMM.TestEmotion;
				PRODUCT_NAME = "$(TARGET_NAME)";
			};
			name = Debug;
		};
		9C4F4D231D8DE0A500D74259 /* Release */ = {
			isa = XCBuildConfiguration;
			baseConfigurationReference = 3198162C887459A4F426D8BC /* Pods-TestEmotion.release.xcconfig */;
			buildSettings = {
				ASSETCATALOG_COMPILER_APPICON_NAME = AppIcon;
				INFOPLIST_FILE = TestEmotion/Info.plist;
				LD_RUNPATH_SEARCH_PATHS = "$(inherited) @executable_path/Frameworks";
				PRODUCT_BUNDLE_IDENTIFIER = MMM.TestEmotion;
				PRODUCT_NAME = "$(TARGET_NAME)";
			};
			name = Release;
		};
/* End XCBuildConfiguration section */

/* Begin XCConfigurationList section */
		9C4F4D0A1D8DE0A400D74259 /* Build configuration list for PBXProject "TestEmotion" */ = {
			isa = XCConfigurationList;
			buildConfigurations = (
				9C4F4D1F1D8DE0A500D74259 /* Debug */,
				9C4F4D201D8DE0A500D74259 /* Release */,
			);
			defaultConfigurationIsVisible = 0;
			defaultConfigurationName = Release;
		};
		9C4F4D211D8DE0A500D74259 /* Build configuration list for PBXNativeTarget "TestEmotion" */ = {
			isa = XCConfigurationList;
			buildConfigurations = (
				9C4F4D221D8DE0A500D74259 /* Debug */,
				9C4F4D231D8DE0A500D74259 /* Release */,
			);
			defaultConfigurationIsVisible = 0;
			defaultConfigurationName = Release;
		};
/* End XCConfigurationList section */
	};
	rootObject = 9C4F4D071D8DE0A400D74259 /* Project object */;
}
